
Microsoft Visual Studio Solution File, Format Version 12.00
# Visual Studio Version 17
VisualStudioVersion = 17.14.36429.23 d17.14
MinimumVisualStudioVersion = 10.0.40219.1
Project("{8BC9CEB8-8B4A-11D0-8D11-00A0C91BC942}") = "ZooManagmentSystem", "ZooManagmentSystem.vcxproj", "{F11A3857-6C24-4718-9F46-738B998F988E}"
EndProject
Global
	GlobalSection(SolutionConfigurationPlatforms) = preSolution
		Debug|x64 = Debug|x64
		Debug|x86 = Debug|x86
		Release|x64 = Release|x64
		Release|x86 = Release|x86
	EndGlobalSection
	GlobalSection(ProjectConfigurationPlatforms) = postSolution
		{F11A3857-6C24-4718-9F46-738B998F988E}.Debug|x64.ActiveCfg = Debug|x64
		{F11A3857-6C24-4718-9F46-738B998F988E}.Debug|x64.Build.0 = Debug|x64
		{F11A3857-6C24-4718-9F46-738B998F988E}.Debug|x86.ActiveCfg = Debug|Win32
		{F11A3857-6C24-4718-9F46-738B998F988E}.Debug|x86.Build.0 = Debug|Win32
		{F11A3857-6C24-4718-9F46-738B998F988E}.Release|x64.ActiveCfg = Release|x64
		{F11A3857-6C24-4718-9F46-738B998F988E}.Release|x64.Build.0 = Release|x64
		{F11A3857-6C24-4718-9F46-738B998F988E}.Release|x86.ActiveCfg = Release|Win32
		{F11A3857-6C24-4718-9F46-738B998F988E}.Release|x86.Build.0 = Release|Win32
	EndGlobalSection
	GlobalSection(SolutionProperties) = preSolution
		HideSolutionNode = FALSE
	EndGlobalSection
	GlobalSection(ExtensibilityGlobals) = postSolution
		SolutionGuid = {FE18B250-1336-4A76-AF62-89B7B4FF0794}
	EndGlobalSection
EndGlobal
